
Microsoft Visual Studio Solution File, Format Version 12.00
# Visual Studio 15
VisualStudioVersion = 15.0.27130.2010
MinimumVisualStudioVersion = 10.0.40219.1
Project("{9A19103F-16F7-4668-BE54-9A1E7A4F7556}") = "Gallery", "Gallery\Gallery.csproj", "{785C46A2-9384-482B-B80E-AF1540BE4003}"
EndProject
Project("{9A19103F-16F7-4668-BE54-9A1E7A4F7556}") = "Gallery.Data", "Gallery.Data\Gallery.Data.csproj", "{D95EDB2B-77F3-4624-B3C5-F6E0B0207FDE}"
EndProject
Project("{FAE04EC0-301F-11D3-BF4B-00C04F79EFBC}") = "Gallery.Services", "Gallery.Services\Gallery.Services.csproj", "{57A5CD39-2825-4B46-ADD9-3E955FD7E5B9}"
EndProject
Global
	GlobalSection(SolutionConfigurationPlatforms) = preSolution
		Debug|Any CPU = Debug|Any CPU
		Release|Any CPU = Release|Any CPU
	EndGlobalSection
	GlobalSection(ProjectConfigurationPlatforms) = postSolution
		{785C46A2-9384-482B-B80E-AF1540BE4003}.Debug|Any CPU.ActiveCfg = Debug|Any CPU
		{785C46A2-9384-482B-B80E-AF1540BE4003}.Debug|Any CPU.Build.0 = Debug|Any CPU
		{785C46A2-9384-482B-B80E-AF1540BE4003}.Release|Any CPU.ActiveCfg = Release|Any CPU
		{785C46A2-9384-482B-B80E-AF1540BE4003}.Release|Any CPU.Build.0 = Release|Any CPU
		{D95EDB2B-77F3-4624-B3C5-F6E0B0207FDE}.Debug|Any CPU.ActiveCfg = Debug|Any CPU
		{D95EDB2B-77F3-4624-B3C5-F6E0B0207FDE}.Debug|Any CPU.Build.0 = Debug|Any CPU
		{D95EDB2B-77F3-4624-B3C5-F6E0B0207FDE}.Release|Any CPU.ActiveCfg = Release|Any CPU
		{D95EDB2B-77F3-4624-B3C5-F6E0B0207FDE}.Release|Any CPU.Build.0 = Release|Any CPU
		{57A5CD39-2825-4B46-ADD9-3E955FD7E5B9}.Debug|Any CPU.ActiveCfg = Debug|Any CPU
		{57A5CD39-2825-4B46-ADD9-3E955FD7E5B9}.Debug|Any CPU.Build.0 = Debug|Any CPU
		{57A5CD39-2825-4B46-ADD9-3E955FD7E5B9}.Release|Any CPU.ActiveCfg = Release|Any CPU
		{57A5CD39-2825-4B46-ADD9-3E955FD7E5B9}.Release|Any CPU.Build.0 = Release|Any CPU
	EndGlobalSection
	GlobalSection(SolutionProperties) = preSolution
		HideSolutionNode = FALSE
	EndGlobalSection
	GlobalSection(ExtensibilityGlobals) = postSolution
		SolutionGuid = {1408DB59-E199-4DBB-9656-2DC445F50870}
	EndGlobalSection
EndGlobal
